
Microsoft Visual Studio Solution File, Format Version 12.00
# Visual Studio Version 17
VisualStudioVersion = 17.1.32328.378
MinimumVisualStudioVersion = 10.0.40219.1
Project("{9A19103F-16F7-4668-BE54-9A1E7A4F7556}") = "Xispirito", "Xispirito\Xispirito.csproj", "{A52754FF-EBAF-40E7-9FAC-D0211D2F0BBA}"
EndProject
Project("{FAE04EC0-301F-11D3-BF4B-00C04F79EFBC}") = "DAL", "DAL\DAL.csproj", "{C14C214C-24C2-4730-B8EB-E53EE9A491F1}"
EndProject
Project("{FAE04EC0-301F-11D3-BF4B-00C04F79EFBC}") = "Models", "Models\Models.csproj", "{8B21ECB6-ECB0-4734-80E4-35232A653F26}"
EndProject
Project("{2150E333-8FDC-42A3-9474-1A3956D46DE8}") = "Database", "Database", "{BDE8DC87-A64D-4958-B4FC-C2DF43DED7BA}"
EndProject
Global
	GlobalSection(SolutionConfigurationPlatforms) = preSolution
		Debug|Any CPU = Debug|Any CPU
		Release|Any CPU = Release|Any CPU
	EndGlobalSection
	GlobalSection(ProjectConfigurationPlatforms) = postSolution
		{A52754FF-EBAF-40E7-9FAC-D0211D2F0BBA}.Debug|Any CPU.ActiveCfg = Debug|Any CPU
		{A52754FF-EBAF-40E7-9FAC-D0211D2F0BBA}.Debug|Any CPU.Build.0 = Debug|Any CPU
		{A52754FF-EBAF-40E7-9FAC-D0211D2F0BBA}.Release|Any CPU.ActiveCfg = Release|Any CPU
		{A52754FF-EBAF-40E7-9FAC-D0211D2F0BBA}.Release|Any CPU.Build.0 = Release|Any CPU
		{C14C214C-24C2-4730-B8EB-E53EE9A491F1}.Debug|Any CPU.ActiveCfg = Debug|Any CPU
		{C14C214C-24C2-4730-B8EB-E53EE9A491F1}.Debug|Any CPU.Build.0 = Debug|Any CPU
		{C14C214C-24C2-4730-B8EB-E53EE9A491F1}.Release|Any CPU.ActiveCfg = Release|Any CPU
		{C14C214C-24C2-4730-B8EB-E53EE9A491F1}.Release|Any CPU.Build.0 = Release|Any CPU
		{8B21ECB6-ECB0-4734-80E4-35232A653F26}.Debug|Any CPU.ActiveCfg = Debug|Any CPU
		{8B21ECB6-ECB0-4734-80E4-35232A653F26}.Debug|Any CPU.Build.0 = Debug|Any CPU
		{8B21ECB6-ECB0-4734-80E4-35232A653F26}.Release|Any CPU.ActiveCfg = Release|Any CPU
		{8B21ECB6-ECB0-4734-80E4-35232A653F26}.Release|Any CPU.Build.0 = Release|Any CPU
	EndGlobalSection
	GlobalSection(SolutionProperties) = preSolution
		HideSolutionNode = FALSE
	EndGlobalSection
	GlobalSection(ExtensibilityGlobals) = postSolution
		SolutionGuid = {B8D2A49B-0305-4322-8C11-BA9A78DA46CE}
	EndGlobalSection
EndGlobal
